
Microsoft Visual Studio Solution File, Format Version 12.00
# Visual Studio Version 17
VisualStudioVersion = 17.0.32014.148
MinimumVisualStudioVersion = 10.0.40219.1
Project("{FAE04EC0-301F-11D3-BF4B-00C04F79EFBC}") = "WordMania", "WordMania\WordMania.csproj", "{70CCCBE3-BCC0-4267-A3F1-A54082C75F05}"
EndProject
Global
	GlobalSection(SolutionConfigurationPlatforms) = preSolution
		Debug|Any CPU = Debug|Any CPU
		Release|Any CPU = Release|Any CPU
	EndGlobalSection
	GlobalSection(ProjectConfigurationPlatforms) = postSolution
		{70CCCBE3-BCC0-4267-A3F1-A54082C75F05}.Debug|Any CPU.ActiveCfg = Debug|Any CPU
		{70CCCBE3-BCC0-4267-A3F1-A54082C75F05}.Debug|Any CPU.Build.0 = Debug|Any CPU
		{70CCCBE3-BCC0-4267-A3F1-A54082C75F05}.Release|Any CPU.ActiveCfg = Release|Any CPU
		{70CCCBE3-BCC0-4267-A3F1-A54082C75F05}.Release|Any CPU.Build.0 = Release|Any CPU
	EndGlobalSection
	GlobalSection(SolutionProperties) = preSolution
		HideSolutionNode = FALSE
	EndGlobalSection
	GlobalSection(ExtensibilityGlobals) = postSolution
		SolutionGuid = {09463A23-B28A-4097-A07F-895B1117E7C6}
	EndGlobalSection
EndGlobal
